
Microsoft Visual Studio Solution File, Format Version 12.00
# Visual Studio Version 16
VisualStudioVersion = 16.0.30320.27
MinimumVisualStudioVersion = 10.0.40219.1
Project("{8BC9CEB8-8B4A-11D0-8D11-00A0C91BC942}") = "Cgengo 0917", "Cgengo 0917\Cgengo 0917.vcxproj", "{34592FCE-B0EF-43A4-952E-864EDD578BBA}"
EndProject
Global
	GlobalSection(SolutionConfigurationPlatforms) = preSolution
		Debug|x64 = Debug|x64
		Debug|x86 = Debug|x86
		Release|x64 = Release|x64
		Release|x86 = Release|x86
	EndGlobalSection
	GlobalSection(ProjectConfigurationPlatforms) = postSolution
		{34592FCE-B0EF-43A4-952E-864EDD578BBA}.Debug|x64.ActiveCfg = Debug|x64
		{34592FCE-B0EF-43A4-952E-864EDD578BBA}.Debug|x64.Build.0 = Debug|x64
		{34592FCE-B0EF-43A4-952E-864EDD578BBA}.Debug|x86.ActiveCfg = Debug|Win32
		{34592FCE-B0EF-43A4-952E-864EDD578BBA}.Debug|x86.Build.0 = Debug|Win32
		{34592FCE-B0EF-43A4-952E-864EDD578BBA}.Release|x64.ActiveCfg = Release|x64
		{34592FCE-B0EF-43A4-952E-864EDD578BBA}.Release|x64.Build.0 = Release|x64
		{34592FCE-B0EF-43A4-952E-864EDD578BBA}.Release|x86.ActiveCfg = Release|Win32
		{34592FCE-B0EF-43A4-952E-864EDD578BBA}.Release|x86.Build.0 = Release|Win32
	EndGlobalSection
	GlobalSection(SolutionProperties) = preSolution
		HideSolutionNode = FALSE
	EndGlobalSection
	GlobalSection(ExtensibilityGlobals) = postSolution
		SolutionGuid = {3480F666-6588-4E6A-A4CF-796199099040}
	EndGlobalSection
EndGlobal
