
Microsoft Visual Studio Solution File, Format Version 12.00
# Visual Studio Version 16
VisualStudioVersion = 16.0.30523.141
MinimumVisualStudioVersion = 10.0.40219.1
Project("{8BC9CEB8-8B4A-11D0-8D11-00A0C91BC942}") = "C++1105", "C++1105\C++1105.vcxproj", "{B08A8381-FB21-404D-B5A6-3DE6069E65AE}"
EndProject
Global
	GlobalSection(SolutionConfigurationPlatforms) = preSolution
		Debug|x64 = Debug|x64
		Debug|x86 = Debug|x86
		Release|x64 = Release|x64
		Release|x86 = Release|x86
	EndGlobalSection
	GlobalSection(ProjectConfigurationPlatforms) = postSolution
		{B08A8381-FB21-404D-B5A6-3DE6069E65AE}.Debug|x64.ActiveCfg = Debug|x64
		{B08A8381-FB21-404D-B5A6-3DE6069E65AE}.Debug|x64.Build.0 = Debug|x64
		{B08A8381-FB21-404D-B5A6-3DE6069E65AE}.Debug|x86.ActiveCfg = Debug|Win32
		{B08A8381-FB21-404D-B5A6-3DE6069E65AE}.Debug|x86.Build.0 = Debug|Win32
		{B08A8381-FB21-404D-B5A6-3DE6069E65AE}.Release|x64.ActiveCfg = Release|x64
		{B08A8381-FB21-404D-B5A6-3DE6069E65AE}.Release|x64.Build.0 = Release|x64
		{B08A8381-FB21-404D-B5A6-3DE6069E65AE}.Release|x86.ActiveCfg = Release|Win32
		{B08A8381-FB21-404D-B5A6-3DE6069E65AE}.Release|x86.Build.0 = Release|Win32
	EndGlobalSection
	GlobalSection(SolutionProperties) = preSolution
		HideSolutionNode = FALSE
	EndGlobalSection
	GlobalSection(ExtensibilityGlobals) = postSolution
		SolutionGuid = {3A7C6D7D-83AD-4D3C-A1EC-5DAEE0424852}
	EndGlobalSection
EndGlobal
